// !$*UTF8*$!
{
	archiveVersion = 1;
	classes = {
	};
	objectVersion = 50;
	objects = {

/* Begin PBXBuildFile section */
		FB079385249141AB00E1E042 /* GoToItemProtocol.swift in Sources */ = {isa = PBXBuildFile; fileRef = FB079384249141AB00E1E042 /* GoToItemProtocol.swift */; };
		FB079388249141F000E1E042 /* SelectableProtocol.swift in Sources */ = {isa = PBXBuildFile; fileRef = FB079387249141F000E1E042 /* SelectableProtocol.swift */; };
		FB07938B2491422900E1E042 /* NavigationsToItem.swift in Sources */ = {isa = PBXBuildFile; fileRef = FB07938A2491422900E1E042 /* NavigationsToItem.swift */; };
		FB079391249142D300E1E042 /* GetSelectableObjectProtocol.swift in Sources */ = {isa = PBXBuildFile; fileRef = FB079390249142D300E1E042 /* GetSelectableObjectProtocol.swift */; };
		FB07939C2491440F00E1E042 /* ImageFetcher.swift in Sources */ = {isa = PBXBuildFile; fileRef = FB07939B2491440F00E1E042 /* ImageFetcher.swift */; };
		FB07939E2491442700E1E042 /* ImageFetcher+Extension.swift in Sources */ = {isa = PBXBuildFile; fileRef = FB07939D2491442700E1E042 /* ImageFetcher+Extension.swift */; };
		FB0793A3249168AC00E1E042 /* ItemErrors.swift in Sources */ = {isa = PBXBuildFile; fileRef = FB0793A2249168AC00E1E042 /* ItemErrors.swift */; };
		FB0793A5249168CE00E1E042 /* ItemProtocol.swift in Sources */ = {isa = PBXBuildFile; fileRef = FB0793A4249168CE00E1E042 /* ItemProtocol.swift */; };
		FB0793AA2491692D00E1E042 /* ItemManagerKeys.swift in Sources */ = {isa = PBXBuildFile; fileRef = FB0793A92491692D00E1E042 /* ItemManagerKeys.swift */; };
		FB0793AC2491697500E1E042 /* PropertyObserverProtocol.swift in Sources */ = {isa = PBXBuildFile; fileRef = FB0793AB2491697500E1E042 /* PropertyObserverProtocol.swift */; };
		FB0793AE2491698F00E1E042 /* ObserverCollection.swift in Sources */ = {isa = PBXBuildFile; fileRef = FB0793AD2491698F00E1E042 /* ObserverCollection.swift */; };
		FB0793B3249169D700E1E042 /* ObserverMediatorProtocol.swift in Sources */ = {isa = PBXBuildFile; fileRef = FB0793B2249169D700E1E042 /* ObserverMediatorProtocol.swift */; };
		FB0793B5249169EF00E1E042 /* ObserverMediator.swift in Sources */ = {isa = PBXBuildFile; fileRef = FB0793B4249169EF00E1E042 /* ObserverMediator.swift */; };
		FB0793BA249175D400E1E042 /* URLFetcherProtocol.swift in Sources */ = {isa = PBXBuildFile; fileRef = FB0793B9249175D400E1E042 /* URLFetcherProtocol.swift */; };
		FB0793BE2491762300E1E042 /* UrlFetcher+Extension.swift in Sources */ = {isa = PBXBuildFile; fileRef = FB0793BD2491762300E1E042 /* UrlFetcher+Extension.swift */; };
		FB0793C12491764A00E1E042 /* ItemserviceProtocol.swift in Sources */ = {isa = PBXBuildFile; fileRef = FB0793C02491764A00E1E042 /* ItemserviceProtocol.swift */; };
		FB0793C32491767300E1E042 /* APIProtocolError.swift in Sources */ = {isa = PBXBuildFile; fileRef = FB0793C22491767300E1E042 /* APIProtocolError.swift */; };
		FB0793C72491772700E1E042 /* ItemFetcherDelegateProtocol.swift in Sources */ = {isa = PBXBuildFile; fileRef = FB0793C62491772700E1E042 /* ItemFetcherDelegateProtocol.swift */; };
		FB0793C92491773700E1E042 /* ItemFetcherError.swift in Sources */ = {isa = PBXBuildFile; fileRef = FB0793C82491773700E1E042 /* ItemFetcherError.swift */; };
		FB0793D12491781900E1E042 /* ParserProtocol.swift in Sources */ = {isa = PBXBuildFile; fileRef = FB0793D02491781900E1E042 /* ParserProtocol.swift */; };
		FB0793D32491783600E1E042 /* JsonParser.swift in Sources */ = {isa = PBXBuildFile; fileRef = FB0793D22491783600E1E042 /* JsonParser.swift */; };
		FB0793D52491785D00E1E042 /* WebServiceErrors.swift in Sources */ = {isa = PBXBuildFile; fileRef = FB0793D42491785D00E1E042 /* WebServiceErrors.swift */; };
		FB0793D72491788300E1E042 /* DataTaskCreatorProtocol.swift in Sources */ = {isa = PBXBuildFile; fileRef = FB0793D62491788300E1E042 /* DataTaskCreatorProtocol.swift */; };
		FB0793D9249178A100E1E042 /* URLSession+DataTaskCreatorProtocol.swift in Sources */ = {isa = PBXBuildFile; fileRef = FB0793D8249178A100E1E042 /* URLSession+DataTaskCreatorProtocol.swift */; };
		FB0793E4249179C900E1E042 /* ItemListHolderProtocol.swift in Sources */ = {isa = PBXBuildFile; fileRef = FB0793E3249179C900E1E042 /* ItemListHolderProtocol.swift */; };
		FB0793E724917A6F00E1E042 /* DetailVCProtocol.swift in Sources */ = {isa = PBXBuildFile; fileRef = FB0793E624917A6F00E1E042 /* DetailVCProtocol.swift */; };
		FB0793EB24917EA300E1E042 /* ItemDataSourceProtocol.swift in Sources */ = {isa = PBXBuildFile; fileRef = FB0793EA24917EA300E1E042 /* ItemDataSourceProtocol.swift */; };
		FB0793ED24917EDC00E1E042 /* ItemListFetcherProtocol.swift in Sources */ = {isa = PBXBuildFile; fileRef = FB0793EC24917EDC00E1E042 /* ItemListFetcherProtocol.swift */; };
		FB0793EF24917F0E00E1E042 /* UrlFetcher.swift in Sources */ = {isa = PBXBuildFile; fileRef = FB0793EE24917F0E00E1E042 /* UrlFetcher.swift */; };
		FB0793F124917F9C00E1E042 /* ListTableViewController+ItemFetcherDelegate.swift in Sources */ = {isa = PBXBuildFile; fileRef = FB0793F024917F9C00E1E042 /* ListTableViewController+ItemFetcherDelegate.swift */; };
		FB808727248EFF3F0098092A /* GoToDetail.swift in Sources */ = {isa = PBXBuildFile; fileRef = FB808726248EFF3E0098092A /* GoToDetail.swift */; };
		FB95EFAE2488712D00ACDB24 /* ImageService.swift in Sources */ = {isa = PBXBuildFile; fileRef = FB95EFAD2488712D00ACDB24 /* ImageService.swift */; };
		FBA083AF2487FC450032788B /* ItemManager.swift in Sources */ = {isa = PBXBuildFile; fileRef = FBA083AE2487FC450032788B /* ItemManager.swift */; };
		FBA083B624883F560032788B /* RouterTests.swift in Sources */ = {isa = PBXBuildFile; fileRef = FBA083B524883F560032788B /* RouterTests.swift */; };
		FBA083BB248849520032788B /* DetailViewController.swift in Sources */ = {isa = PBXBuildFile; fileRef = FBA083BA248849520032788B /* DetailViewController.swift */; };
		FBA083BE248851A80032788B /* DetailViewControllerTests.swift in Sources */ = {isa = PBXBuildFile; fileRef = FBA083BD248851A80032788B /* DetailViewControllerTests.swift */; };
		FBC209B12481971F0060848E /* AppDelegate.swift in Sources */ = {isa = PBXBuildFile; fileRef = FBC209B02481971F0060848E /* AppDelegate.swift */; };
		FBC209B32481971F0060848E /* SceneDelegate.swift in Sources */ = {isa = PBXBuildFile; fileRef = FBC209B22481971F0060848E /* SceneDelegate.swift */; };
		FBC209B82481971F0060848E /* Main.storyboard in Resources */ = {isa = PBXBuildFile; fileRef = FBC209B62481971F0060848E /* Main.storyboard */; };
		FBC209BA248197240060848E /* Assets.xcassets in Resources */ = {isa = PBXBuildFile; fileRef = FBC209B9248197240060848E /* Assets.xcassets */; };
		FBC209BD248197240060848E /* LaunchScreen.storyboard in Resources */ = {isa = PBXBuildFile; fileRef = FBC209BB248197240060848E /* LaunchScreen.storyboard */; };
		FBC209D32481A4AE0060848E /* ItemTests.swift in Sources */ = {isa = PBXBuildFile; fileRef = FBC209D22481A4AE0060848E /* ItemTests.swift */; };
		FBC209D62481A53B0060848E /* Item.swift in Sources */ = {isa = PBXBuildFile; fileRef = FBC209D52481A53B0060848E /* Item.swift */; };
		FBC209D82481B6AF0060848E /* APIClientTests.swift in Sources */ = {isa = PBXBuildFile; fileRef = FBC209D72481B6AF0060848E /* APIClientTests.swift */; };
		FBC209E02482BBDC0060848E /* APIClient.swift in Sources */ = {isa = PBXBuildFile; fileRef = FBC209DF2482BBDC0060848E /* APIClient.swift */; };
		FBC209E22484457E0060848E /* ListTableViewControllerTests.swift in Sources */ = {isa = PBXBuildFile; fileRef = FBC209E12484457D0060848E /* ListTableViewControllerTests.swift */; };
		FBC209E5248446D10060848E /* ListTableViewController.swift in Sources */ = {isa = PBXBuildFile; fileRef = FBC209E4248446D10060848E /* ListTableViewController.swift */; };
		FBC209E82484527A0060848E /* ItemCell.swift in Sources */ = {isa = PBXBuildFile; fileRef = FBC209E72484527A0060848E /* ItemCell.swift */; };
		FBC209EE2485688E0060848E /* ItemDataSourceTests.swift in Sources */ = {isa = PBXBuildFile; fileRef = FBC209ED2485688D0060848E /* ItemDataSourceTests.swift */; };
		FBC209F1248578280060848E /* ItemDataSource.swift in Sources */ = {isa = PBXBuildFile; fileRef = FBC209F0248578280060848E /* ItemDataSource.swift */; };
		FBC209F5248585740060848E /* ItemFetcher.swift in Sources */ = {isa = PBXBuildFile; fileRef = FBC209F4248585740060848E /* ItemFetcher.swift */; };
		FBC209F7248585800060848E /* ItemFetcherTests.swift in Sources */ = {isa = PBXBuildFile; fileRef = FBC209F6248585800060848E /* ItemFetcherTests.swift */; };
		FBC209F92485B9D50060848E /* DownSampler.swift in Sources */ = {isa = PBXBuildFile; fileRef = FBC209F82485B9D40060848E /* DownSampler.swift */; };
		FBDA4389248FD0710093BCE7 /* NavigationDetailFlowSelection.swift in Sources */ = {isa = PBXBuildFile; fileRef = FBDA4388248FD0710093BCE7 /* NavigationDetailFlowSelection.swift */; };
		FBDA438C248FD1050093BCE7 /* NavigationDetailFlowSelection+PropertyObserver.swift in Sources */ = {isa = PBXBuildFile; fileRef = FBDA438B248FD1050093BCE7 /* NavigationDetailFlowSelection+PropertyObserver.swift */; };
/* End PBXBuildFile section */

/* Begin PBXContainerItemProxy section */
		FBC209C4248197240060848E /* PBXContainerItemProxy */ = {
			isa = PBXContainerItemProxy;
			containerPortal = FBC209A52481971E0060848E /* Project object */;
			proxyType = 1;
			remoteGlobalIDString = FBC209AC2481971E0060848E;
			remoteInfo = GlobalLogic;
		};
/* End PBXContainerItemProxy section */

/* Begin PBXFileReference section */
		FB079384249141AB00E1E042 /* GoToItemProtocol.swift */ = {isa = PBXFileReference; lastKnownFileType = sourcecode.swift; path = GoToItemProtocol.swift; sourceTree = "<group>"; };
		FB079387249141F000E1E042 /* SelectableProtocol.swift */ = {isa = PBXFileReference; lastKnownFileType = sourcecode.swift; path = SelectableProtocol.swift; sourceTree = "<group>"; };
		FB07938A2491422900E1E042 /* NavigationsToItem.swift */ = {isa = PBXFileReference; lastKnownFileType = sourcecode.swift; path = NavigationsToItem.swift; sourceTree = "<group>"; };
		FB079390249142D300E1E042 /* GetSelectableObjectProtocol.swift */ = {isa = PBXFileReference; lastKnownFileType = sourcecode.swift; path = GetSelectableObjectProtocol.swift; sourceTree = "<group>"; };
		FB07939B2491440F00E1E042 /* ImageFetcher.swift */ = {isa = PBXFileReference; lastKnownFileType = sourcecode.swift; path = ImageFetcher.swift; sourceTree = "<group>"; };
		FB07939D2491442700E1E042 /* ImageFetcher+Extension.swift */ = {isa = PBXFileReference; lastKnownFileType = sourcecode.swift; path = "ImageFetcher+Extension.swift"; sourceTree = "<group>"; };
		FB0793A2249168AC00E1E042 /* ItemErrors.swift */ = {isa = PBXFileReference; lastKnownFileType = sourcecode.swift; path = ItemErrors.swift; sourceTree = "<group>"; };
		FB0793A4249168CE00E1E042 /* ItemProtocol.swift */ = {isa = PBXFileReference; lastKnownFileType = sourcecode.swift; path = ItemProtocol.swift; sourceTree = "<group>"; };
		FB0793A92491692D00E1E042 /* ItemManagerKeys.swift */ = {isa = PBXFileReference; lastKnownFileType = sourcecode.swift; path = ItemManagerKeys.swift; sourceTree = "<group>"; };
		FB0793AB2491697500E1E042 /* PropertyObserverProtocol.swift */ = {isa = PBXFileReference; lastKnownFileType = sourcecode.swift; path = PropertyObserverProtocol.swift; sourceTree = "<group>"; };
		FB0793AD2491698F00E1E042 /* ObserverCollection.swift */ = {isa = PBXFileReference; lastKnownFileType = sourcecode.swift; path = ObserverCollection.swift; sourceTree = "<group>"; };
		FB0793B2249169D700E1E042 /* ObserverMediatorProtocol.swift */ = {isa = PBXFileReference; lastKnownFileType = sourcecode.swift; path = ObserverMediatorProtocol.swift; sourceTree = "<group>"; };
		FB0793B4249169EF00E1E042 /* ObserverMediator.swift */ = {isa = PBXFileReference; lastKnownFileType = sourcecode.swift; path = ObserverMediator.swift; sourceTree = "<group>"; };
		FB0793B9249175D400E1E042 /* URLFetcherProtocol.swift */ = {isa = PBXFileReference; lastKnownFileType = sourcecode.swift; path = URLFetcherProtocol.swift; sourceTree = "<group>"; };
		FB0793BD2491762300E1E042 /* UrlFetcher+Extension.swift */ = {isa = PBXFileReference; lastKnownFileType = sourcecode.swift; path = "UrlFetcher+Extension.swift"; sourceTree = "<group>"; };
		FB0793C02491764A00E1E042 /* ItemserviceProtocol.swift */ = {isa = PBXFileReference; lastKnownFileType = sourcecode.swift; path = ItemserviceProtocol.swift; sourceTree = "<group>"; };
		FB0793C22491767300E1E042 /* APIProtocolError.swift */ = {isa = PBXFileReference; lastKnownFileType = sourcecode.swift; path = APIProtocolError.swift; sourceTree = "<group>"; };
		FB0793C62491772700E1E042 /* ItemFetcherDelegateProtocol.swift */ = {isa = PBXFileReference; lastKnownFileType = sourcecode.swift; path = ItemFetcherDelegateProtocol.swift; sourceTree = "<group>"; };
		FB0793C82491773700E1E042 /* ItemFetcherError.swift */ = {isa = PBXFileReference; lastKnownFileType = sourcecode.swift; path = ItemFetcherError.swift; sourceTree = "<group>"; };
		FB0793D02491781900E1E042 /* ParserProtocol.swift */ = {isa = PBXFileReference; lastKnownFileType = sourcecode.swift; path = ParserProtocol.swift; sourceTree = "<group>"; };
		FB0793D22491783600E1E042 /* JsonParser.swift */ = {isa = PBXFileReference; lastKnownFileType = sourcecode.swift; path = JsonParser.swift; sourceTree = "<group>"; };
		FB0793D42491785D00E1E042 /* WebServiceErrors.swift */ = {isa = PBXFileReference; lastKnownFileType = sourcecode.swift; path = WebServiceErrors.swift; sourceTree = "<group>"; };
		FB0793D62491788300E1E042 /* DataTaskCreatorProtocol.swift */ = {isa = PBXFileReference; lastKnownFileType = sourcecode.swift; path = DataTaskCreatorProtocol.swift; sourceTree = "<group>"; };
		FB0793D8249178A100E1E042 /* URLSession+DataTaskCreatorProtocol.swift */ = {isa = PBXFileReference; lastKnownFileType = sourcecode.swift; path = "URLSession+DataTaskCreatorProtocol.swift"; sourceTree = "<group>"; };
		FB0793E3249179C900E1E042 /* ItemListHolderProtocol.swift */ = {isa = PBXFileReference; lastKnownFileType = sourcecode.swift; path = ItemListHolderProtocol.swift; sourceTree = "<group>"; };
		FB0793E624917A6F00E1E042 /* DetailVCProtocol.swift */ = {isa = PBXFileReference; lastKnownFileType = sourcecode.swift; path = DetailVCProtocol.swift; sourceTree = "<group>"; };
		FB0793EA24917EA300E1E042 /* ItemDataSourceProtocol.swift */ = {isa = PBXFileReference; lastKnownFileType = sourcecode.swift; path = ItemDataSourceProtocol.swift; sourceTree = "<group>"; };
		FB0793EC24917EDC00E1E042 /* ItemListFetcherProtocol.swift */ = {isa = PBXFileReference; lastKnownFileType = sourcecode.swift; path = ItemListFetcherProtocol.swift; sourceTree = "<group>"; };
		FB0793EE24917F0E00E1E042 /* UrlFetcher.swift */ = {isa = PBXFileReference; lastKnownFileType = sourcecode.swift; path = UrlFetcher.swift; sourceTree = "<group>"; };
		FB0793F024917F9C00E1E042 /* ListTableViewController+ItemFetcherDelegate.swift */ = {isa = PBXFileReference; lastKnownFileType = sourcecode.swift; path = "ListTableViewController+ItemFetcherDelegate.swift"; sourceTree = "<group>"; };
		FB808726248EFF3E0098092A /* GoToDetail.swift */ = {isa = PBXFileReference; lastKnownFileType = sourcecode.swift; path = GoToDetail.swift; sourceTree = "<group>"; };
		FB95EFAD2488712D00ACDB24 /* ImageService.swift */ = {isa = PBXFileReference; lastKnownFileType = sourcecode.swift; path = ImageService.swift; sourceTree = "<group>"; };
		FBA083AE2487FC450032788B /* ItemManager.swift */ = {isa = PBXFileReference; lastKnownFileType = sourcecode.swift; path = ItemManager.swift; sourceTree = "<group>"; };
		FBA083B524883F560032788B /* RouterTests.swift */ = {isa = PBXFileReference; lastKnownFileType = sourcecode.swift; path = RouterTests.swift; sourceTree = "<group>"; };
		FBA083BA248849520032788B /* DetailViewController.swift */ = {isa = PBXFileReference; lastKnownFileType = sourcecode.swift; path = DetailViewController.swift; sourceTree = "<group>"; };
		FBA083BD248851A80032788B /* DetailViewControllerTests.swift */ = {isa = PBXFileReference; lastKnownFileType = sourcecode.swift; path = DetailViewControllerTests.swift; sourceTree = "<group>"; };
		FBC209AD2481971F0060848E /* GlobalLogic.app */ = {isa = PBXFileReference; explicitFileType = wrapper.application; includeInIndex = 0; path = GlobalLogic.app; sourceTree = BUILT_PRODUCTS_DIR; };
		FBC209B02481971F0060848E /* AppDelegate.swift */ = {isa = PBXFileReference; lastKnownFileType = sourcecode.swift; path = AppDelegate.swift; sourceTree = "<group>"; };
		FBC209B22481971F0060848E /* SceneDelegate.swift */ = {isa = PBXFileReference; lastKnownFileType = sourcecode.swift; path = SceneDelegate.swift; sourceTree = "<group>"; };
		FBC209B72481971F0060848E /* Base */ = {isa = PBXFileReference; lastKnownFileType = file.storyboard; name = Base; path = Base.lproj/Main.storyboard; sourceTree = "<group>"; };
		FBC209B9248197240060848E /* Assets.xcassets */ = {isa = PBXFileReference; lastKnownFileType = folder.assetcatalog; path = Assets.xcassets; sourceTree = "<group>"; };
		FBC209BC248197240060848E /* Base */ = {isa = PBXFileReference; lastKnownFileType = file.storyboard; name = Base; path = Base.lproj/LaunchScreen.storyboard; sourceTree = "<group>"; };
		FBC209BE248197240060848E /* Info.plist */ = {isa = PBXFileReference; lastKnownFileType = text.plist.xml; path = Info.plist; sourceTree = "<group>"; };
		FBC209C3248197240060848E /* GlobalLogicTests.xctest */ = {isa = PBXFileReference; explicitFileType = wrapper.cfbundle; includeInIndex = 0; path = GlobalLogicTests.xctest; sourceTree = BUILT_PRODUCTS_DIR; };
		FBC209C9248197240060848E /* Info.plist */ = {isa = PBXFileReference; lastKnownFileType = text.plist.xml; path = Info.plist; sourceTree = "<group>"; };
		FBC209D22481A4AE0060848E /* ItemTests.swift */ = {isa = PBXFileReference; lastKnownFileType = sourcecode.swift; path = ItemTests.swift; sourceTree = "<group>"; };
		FBC209D52481A53B0060848E /* Item.swift */ = {isa = PBXFileReference; lastKnownFileType = sourcecode.swift; path = Item.swift; sourceTree = "<group>"; };
		FBC209D72481B6AF0060848E /* APIClientTests.swift */ = {isa = PBXFileReference; lastKnownFileType = sourcecode.swift; path = APIClientTests.swift; sourceTree = "<group>"; };
		FBC209DF2482BBDC0060848E /* APIClient.swift */ = {isa = PBXFileReference; lastKnownFileType = sourcecode.swift; path = APIClient.swift; sourceTree = "<group>"; };
		FBC209E12484457D0060848E /* ListTableViewControllerTests.swift */ = {isa = PBXFileReference; lastKnownFileType = sourcecode.swift; path = ListTableViewControllerTests.swift; sourceTree = "<group>"; };
		FBC209E4248446D10060848E /* ListTableViewController.swift */ = {isa = PBXFileReference; lastKnownFileType = sourcecode.swift; path = ListTableViewController.swift; sourceTree = "<group>"; };
		FBC209E72484527A0060848E /* ItemCell.swift */ = {isa = PBXFileReference; lastKnownFileType = sourcecode.swift; path = ItemCell.swift; sourceTree = "<group>"; };
		FBC209ED2485688D0060848E /* ItemDataSourceTests.swift */ = {isa = PBXFileReference; lastKnownFileType = sourcecode.swift; path = ItemDataSourceTests.swift; sourceTree = "<group>"; };
		FBC209F0248578280060848E /* ItemDataSource.swift */ = {isa = PBXFileReference; lastKnownFileType = sourcecode.swift; path = ItemDataSource.swift; sourceTree = "<group>"; };
		FBC209F4248585740060848E /* ItemFetcher.swift */ = {isa = PBXFileReference; lastKnownFileType = sourcecode.swift; path = ItemFetcher.swift; sourceTree = "<group>"; };
		FBC209F6248585800060848E /* ItemFetcherTests.swift */ = {isa = PBXFileReference; lastKnownFileType = sourcecode.swift; path = ItemFetcherTests.swift; sourceTree = "<group>"; };
		FBC209F82485B9D40060848E /* DownSampler.swift */ = {isa = PBXFileReference; lastKnownFileType = sourcecode.swift; path = DownSampler.swift; sourceTree = "<group>"; };
		FBDA4388248FD0710093BCE7 /* NavigationDetailFlowSelection.swift */ = {isa = PBXFileReference; lastKnownFileType = sourcecode.swift; path = NavigationDetailFlowSelection.swift; sourceTree = "<group>"; };
		FBDA438B248FD1050093BCE7 /* NavigationDetailFlowSelection+PropertyObserver.swift */ = {isa = PBXFileReference; lastKnownFileType = sourcecode.swift; path = "NavigationDetailFlowSelection+PropertyObserver.swift"; sourceTree = "<group>"; };
/* End PBXFileReference section */

/* Begin PBXFrameworksBuildPhase section */
		FBC209AA2481971E0060848E /* Frameworks */ = {
			isa = PBXFrameworksBuildPhase;
			buildActionMask = 2147483647;
			files = (
			);
			runOnlyForDeploymentPostprocessing = 0;
		};
		FBC209C0248197240060848E /* Frameworks */ = {
			isa = PBXFrameworksBuildPhase;
			buildActionMask = 2147483647;
			files = (
			);
			runOnlyForDeploymentPostprocessing = 0;
		};
/* End PBXFrameworksBuildPhase section */

/* Begin PBXGroup section */
		FB0793832491418600E1E042 /* OpenApis */ = {
			isa = PBXGroup;
			children = (
				FB079384249141AB00E1E042 /* GoToItemProtocol.swift */,
			);
			path = OpenApis;
			sourceTree = "<group>";
		};
		FB079386249141C200E1E042 /* Internals */ = {
			isa = PBXGroup;
			children = (
				FB808726248EFF3E0098092A /* GoToDetail.swift */,
			);
			path = Internals;
			sourceTree = "<group>";
		};
		FB07938C2491426700E1E042 /* Internals */ = {
			isa = PBXGroup;
			children = (
				FBC209E4248446D10060848E /* ListTableViewController.swift */,
				FBC209E72484527A0060848E /* ItemCell.swift */,
				FB0793F024917F9C00E1E042 /* ListTableViewController+ItemFetcherDelegate.swift */,
			);
			path = Internals;
			sourceTree = "<group>";
		};
		FB07938D2491427800E1E042 /* ItemListing */ = {
			isa = PBXGroup;
			children = (
				FB07938E2491428800E1E042 /* OpenApis */,
				FB07938C2491426700E1E042 /* Internals */,
			);
			path = ItemListing;
			sourceTree = "<group>";
		};
		FB07938E2491428800E1E042 /* OpenApis */ = {
			isa = PBXGroup;
			children = (
				FB079387249141F000E1E042 /* SelectableProtocol.swift */,
				FB079390249142D300E1E042 /* GetSelectableObjectProtocol.swift */,
				FB0793EA24917EA300E1E042 /* ItemDataSourceProtocol.swift */,
				FB0793EC24917EDC00E1E042 /* ItemListFetcherProtocol.swift */,
			);
			path = OpenApis;
			sourceTree = "<group>";
		};
		FB0793932491433900E1E042 /* RouterToDetailItem */ = {
			isa = PBXGroup;
			children = (
				FB0793E524917A5E00E1E042 /* OpenApis */,
				FB0793942491434800E1E042 /* Internals */,
			);
			path = RouterToDetailItem;
			sourceTree = "<group>";
		};
		FB0793942491434800E1E042 /* Internals */ = {
			isa = PBXGroup;
			children = (
				FB07938A2491422900E1E042 /* NavigationsToItem.swift */,
			);
			path = Internals;
			sourceTree = "<group>";
		};
		FB0793952491436F00E1E042 /* NavigationDetailFlow */ = {
			isa = PBXGroup;
			children = (
				FB0793962491439700E1E042 /* Internals */,
			);
			path = NavigationDetailFlow;
			sourceTree = "<group>";
		};
		FB0793962491439700E1E042 /* Internals */ = {
			isa = PBXGroup;
			children = (
				FBDA4388248FD0710093BCE7 /* NavigationDetailFlowSelection.swift */,
				FBDA438B248FD1050093BCE7 /* NavigationDetailFlowSelection+PropertyObserver.swift */,
			);
			path = Internals;
			sourceTree = "<group>";
		};
		FB079397249143EF00E1E042 /* ImageFetcher */ = {
			isa = PBXGroup;
			children = (
				FB079398249143F500E1E042 /* OpenApis */,
				FB079399249143FC00E1E042 /* Internals */,
			);
			path = ImageFetcher;
			sourceTree = "<group>";
		};
		FB079398249143F500E1E042 /* OpenApis */ = {
			isa = PBXGroup;
			children = (
				FB07939B2491440F00E1E042 /* ImageFetcher.swift */,
			);
			path = OpenApis;
			sourceTree = "<group>";
		};
		FB079399249143FC00E1E042 /* Internals */ = {
			isa = PBXGroup;
			children = (
				FB07939D2491442700E1E042 /* ImageFetcher+Extension.swift */,
			);
			path = Internals;
			sourceTree = "<group>";
		};
		FB07939F2491682F00E1E042 /* ItemRepresentation */ = {
			isa = PBXGroup;
			children = (
				FB0793A02491684200E1E042 /* OpenApis */,
				FB0793A12491684700E1E042 /* Internals */,
			);
			path = ItemRepresentation;
			sourceTree = "<group>";
		};
		FB0793A02491684200E1E042 /* OpenApis */ = {
			isa = PBXGroup;
			children = (
				FB0793A2249168AC00E1E042 /* ItemErrors.swift */,
			);
			path = OpenApis;
			sourceTree = "<group>";
		};
		FB0793A12491684700E1E042 /* Internals */ = {
			isa = PBXGroup;
			children = (
				FBC209D52481A53B0060848E /* Item.swift */,
			);
			path = Internals;
			sourceTree = "<group>";
		};
		FB0793A6249168F600E1E042 /* ItemCollection */ = {
			isa = PBXGroup;
			children = (
				FB0793A82491690B00E1E042 /* OpenApis */,
				FB0793A72491690600E1E042 /* Internals */,
			);
			path = ItemCollection;
			sourceTree = "<group>";
		};
		FB0793A72491690600E1E042 /* Internals */ = {
			isa = PBXGroup;
			children = (
				FBA083AE2487FC450032788B /* ItemManager.swift */,
			);
			path = Internals;
			sourceTree = "<group>";
		};
		FB0793A82491690B00E1E042 /* OpenApis */ = {
			isa = PBXGroup;
			children = (
				FB0793A92491692D00E1E042 /* ItemManagerKeys.swift */,
				FB0793AB2491697500E1E042 /* PropertyObserverProtocol.swift */,
			);
			path = OpenApis;
			sourceTree = "<group>";
		};
		FB0793AF249169B200E1E042 /* ObserverMediator */ = {
			isa = PBXGroup;
			children = (
				FB0793B0249169BC00E1E042 /* OpenApis */,
				FB0793B1249169C100E1E042 /* Internals */,
			);
			path = ObserverMediator;
			sourceTree = "<group>";
		};
		FB0793B0249169BC00E1E042 /* OpenApis */ = {
			isa = PBXGroup;
			children = (
				FB0793AD2491698F00E1E042 /* ObserverCollection.swift */,
				FB0793B2249169D700E1E042 /* ObserverMediatorProtocol.swift */,
			);
			path = OpenApis;
			sourceTree = "<group>";
		};
		FB0793B1249169C100E1E042 /* Internals */ = {
			isa = PBXGroup;
			children = (
				FB0793B4249169EF00E1E042 /* ObserverMediator.swift */,
			);
			path = Internals;
			sourceTree = "<group>";
		};
		FB0793B62491755C00E1E042 /* Open Apis */ = {
			isa = PBXGroup;
			children = (
			);
			path = "Open Apis";
			sourceTree = "<group>";
		};
		FB0793B72491756200E1E042 /* Internals */ = {
			isa = PBXGroup;
			children = (
				FBA083BA248849520032788B /* DetailViewController.swift */,
			);
			path = Internals;
			sourceTree = "<group>";
		};
		FB0793B8249175BD00E1E042 /* UrlFetcher */ = {
			isa = PBXGroup;
			children = (
				FB0793BC2491760000E1E042 /* OpenApis */,
				FB0793BB249175FB00E1E042 /* Internals */,
			);
			path = UrlFetcher;
			sourceTree = "<group>";
		};
		FB0793BB249175FB00E1E042 /* Internals */ = {
			isa = PBXGroup;
			children = (
				FB0793BD2491762300E1E042 /* UrlFetcher+Extension.swift */,
				FB0793EE24917F0E00E1E042 /* UrlFetcher.swift */,
			);
			path = Internals;
			sourceTree = "<group>";
		};
		FB0793BC2491760000E1E042 /* OpenApis */ = {
			isa = PBXGroup;
			children = (
				FB0793B9249175D400E1E042 /* URLFetcherProtocol.swift */,
			);
			path = OpenApis;
			sourceTree = "<group>";
		};
		FB0793BF2491763800E1E042 /* ItemService */ = {
			isa = PBXGroup;
			children = (
				FB0793C42491769A00E1E042 /* OpenApis */,
				FB0793C5249176B300E1E042 /* Internals */,
			);
			path = ItemService;
			sourceTree = "<group>";
		};
		FB0793C42491769A00E1E042 /* OpenApis */ = {
			isa = PBXGroup;
			children = (
				FB0793C02491764A00E1E042 /* ItemserviceProtocol.swift */,
				FB0793C62491772700E1E042 /* ItemFetcherDelegateProtocol.swift */,
				FB0793C22491767300E1E042 /* APIProtocolError.swift */,
				FB0793C82491773700E1E042 /* ItemFetcherError.swift */,
			);
			path = OpenApis;
			sourceTree = "<group>";
		};
		FB0793C5249176B300E1E042 /* Internals */ = {
			isa = PBXGroup;
			children = (
				FBC209F4248585740060848E /* ItemFetcher.swift */,
			);
			path = Internals;
			sourceTree = "<group>";
		};
		FB0793CA249177B200E1E042 /* ImageService */ = {
			isa = PBXGroup;
			children = (
				FB0793CB249177B900E1E042 /* Internals */,
			);
			path = ImageService;
			sourceTree = "<group>";
		};
		FB0793CB249177B900E1E042 /* Internals */ = {
			isa = PBXGroup;
			children = (
				FB95EFAD2488712D00ACDB24 /* ImageService.swift */,
			);
			path = Internals;
			sourceTree = "<group>";
		};
		FB0793CD249177F000E1E042 /* GlobalLogicServices */ = {
			isa = PBXGroup;
			children = (
				FB0793CE249177FB00E1E042 /* OpenApis */,
				FB0793CF2491780100E1E042 /* Internals */,
			);
			path = GlobalLogicServices;
			sourceTree = "<group>";
		};
		FB0793CE249177FB00E1E042 /* OpenApis */ = {
			isa = PBXGroup;
			children = (
				FB0793D02491781900E1E042 /* ParserProtocol.swift */,
				FB0793D42491785D00E1E042 /* WebServiceErrors.swift */,
				FB0793D62491788300E1E042 /* DataTaskCreatorProtocol.swift */,
			);
			path = OpenApis;
			sourceTree = "<group>";
		};
		FB0793CF2491780100E1E042 /* Internals */ = {
			isa = PBXGroup;
			children = (
				FBC209DF2482BBDC0060848E /* APIClient.swift */,
			);
			path = Internals;
			sourceTree = "<group>";
		};
		FB0793DA249178CD00E1E042 /* DownSampler */ = {
			isa = PBXGroup;
			children = (
				FB0793DB249178D500E1E042 /* Internals */,
			);
			path = DownSampler;
			sourceTree = "<group>";
		};
		FB0793DB249178D500E1E042 /* Internals */ = {
			isa = PBXGroup;
			children = (
				FBC209F82485B9D40060848E /* DownSampler.swift */,
			);
			path = Internals;
			sourceTree = "<group>";
		};
		FB0793DC249178EE00E1E042 /* JsonParser */ = {
			isa = PBXGroup;
			children = (
				FB0793DD249178FC00E1E042 /* Internals */,
			);
			path = JsonParser;
			sourceTree = "<group>";
		};
		FB0793DD249178FC00E1E042 /* Internals */ = {
			isa = PBXGroup;
			children = (
				FB0793D22491783600E1E042 /* JsonParser.swift */,
			);
			path = Internals;
			sourceTree = "<group>";
		};
		FB0793DE2491793100E1E042 /* URLSessionExtensions */ = {
			isa = PBXGroup;
			children = (
				FB0793DF2491794700E1E042 /* Internals */,
			);
			path = URLSessionExtensions;
			sourceTree = "<group>";
		};
		FB0793DF2491794700E1E042 /* Internals */ = {
			isa = PBXGroup;
			children = (
				FB0793D8249178A100E1E042 /* URLSession+DataTaskCreatorProtocol.swift */,
			);
			path = Internals;
			sourceTree = "<group>";
		};
		FB0793E02491799300E1E042 /* ItemListDataSourceForTableView */ = {
			isa = PBXGroup;
			children = (
				FB0793E1249179B900E1E042 /* OpenApis */,
				FB0793E2249179BE00E1E042 /* Internals */,
			);
			path = ItemListDataSourceForTableView;
			sourceTree = "<group>";
		};
		FB0793E1249179B900E1E042 /* OpenApis */ = {
			isa = PBXGroup;
			children = (
				FB0793A4249168CE00E1E042 /* ItemProtocol.swift */,
				FB0793E3249179C900E1E042 /* ItemListHolderProtocol.swift */,
			);
			path = OpenApis;
			sourceTree = "<group>";
		};
		FB0793E2249179BE00E1E042 /* Internals */ = {
			isa = PBXGroup;
			children = (
				FBC209F0248578280060848E /* ItemDataSource.swift */,
			);
			path = Internals;
			sourceTree = "<group>";
		};
		FB0793E524917A5E00E1E042 /* OpenApis */ = {
			isa = PBXGroup;
			children = (
				FB0793E624917A6F00E1E042 /* DetailVCProtocol.swift */,
			);
			path = OpenApis;
			sourceTree = "<group>";
		};
		FBA083B424883F470032788B /* Router */ = {
			isa = PBXGroup;
			children = (
				FBA083B524883F560032788B /* RouterTests.swift */,
			);
			path = Router;
			sourceTree = "<group>";
		};
		FBA083BC248851810032788B /* ViewController */ = {
			isa = PBXGroup;
			children = (
				FBA083BD248851A80032788B /* DetailViewControllerTests.swift */,
			);
			path = ViewController;
			sourceTree = "<group>";
		};
		FBC209A42481971E0060848E = {
			isa = PBXGroup;
			children = (
				FBC209AF2481971F0060848E /* GlobalLogic */,
				FBC209C6248197240060848E /* GlobalLogicTests */,
				FBC209AE2481971F0060848E /* Products */,
			);
			sourceTree = "<group>";
		};
		FBC209AE2481971F0060848E /* Products */ = {
			isa = PBXGroup;
			children = (
				FBC209AD2481971F0060848E /* GlobalLogic.app */,
				FBC209C3248197240060848E /* GlobalLogicTests.xctest */,
			);
			name = Products;
			sourceTree = "<group>";
		};
		FBC209AF2481971F0060848E /* GlobalLogic */ = {
			isa = PBXGroup;
			children = (
				FB079397249143EF00E1E042 /* ImageFetcher */,
				FBC209E3248446BF0060848E /* DetailScreen */,
				FB0793932491433900E1E042 /* RouterToDetailItem */,
				FBDA438A248FD0840093BCE7 /* DetailNavigation */,
				FB0793952491436F00E1E042 /* NavigationDetailFlow */,
				FB07938D2491427800E1E042 /* ItemListing */,
				FB0793E02491799300E1E042 /* ItemListDataSourceForTableView */,
				FB0793DA249178CD00E1E042 /* DownSampler */,
				FB0793DC249178EE00E1E042 /* JsonParser */,
				FB0793DE2491793100E1E042 /* URLSessionExtensions */,
				FB0793CD249177F000E1E042 /* GlobalLogicServices */,
				FB0793BF2491763800E1E042 /* ItemService */,
				FB0793B8249175BD00E1E042 /* UrlFetcher */,
				FB0793CA249177B200E1E042 /* ImageService */,
				FB07939F2491682F00E1E042 /* ItemRepresentation */,
				FB0793AF249169B200E1E042 /* ObserverMediator */,
				FB0793A6249168F600E1E042 /* ItemCollection */,
				FBC209B02481971F0060848E /* AppDelegate.swift */,
				FBC209B22481971F0060848E /* SceneDelegate.swift */,
				FBC209B62481971F0060848E /* Main.storyboard */,
				FBC209B9248197240060848E /* Assets.xcassets */,
				FBC209BB248197240060848E /* LaunchScreen.storyboard */,
				FBC209BE248197240060848E /* Info.plist */,
			);
			path = GlobalLogic;
			sourceTree = "<group>";
		};
		FBC209C6248197240060848E /* GlobalLogicTests */ = {
			isa = PBXGroup;
			children = (
				FBA083BC248851810032788B /* ViewController */,
				FBA083B424883F470032788B /* Router */,
				FBC209EC2485685A0060848E /* Controller */,
				FBC209C9248197240060848E /* Info.plist */,
				FBC209D22481A4AE0060848E /* ItemTests.swift */,
				FBC209D72481B6AF0060848E /* APIClientTests.swift */,
				FBC209E12484457D0060848E /* ListTableViewControllerTests.swift */,
			);
			path = GlobalLogicTests;
			sourceTree = "<group>";
		};
		FBC209E3248446BF0060848E /* DetailScreen */ = {
			isa = PBXGroup;
			children = (
				FB0793B62491755C00E1E042 /* Open Apis */,
				FB0793B72491756200E1E042 /* Internals */,
			);
			path = DetailScreen;
			sourceTree = "<group>";
		};
		FBC209EC2485685A0060848E /* Controller */ = {
			isa = PBXGroup;
			children = (
				FBC209ED2485688D0060848E /* ItemDataSourceTests.swift */,
				FBC209F6248585800060848E /* ItemFetcherTests.swift */,
			);
			path = Controller;
			sourceTree = "<group>";
		};
		FBDA438A248FD0840093BCE7 /* DetailNavigation */ = {
			isa = PBXGroup;
			children = (
				FB0793832491418600E1E042 /* OpenApis */,
				FB079386249141C200E1E042 /* Internals */,
			);
			path = DetailNavigation;
			sourceTree = "<group>";
		};
/* End PBXGroup section */

/* Begin PBXNativeTarget section */
		FBC209AC2481971E0060848E /* GlobalLogic */ = {
			isa = PBXNativeTarget;
			buildConfigurationList = FBC209CC248197240060848E /* Build configuration list for PBXNativeTarget "GlobalLogic" */;
			buildPhases = (
				FBC209A92481971E0060848E /* Sources */,
				FBC209AA2481971E0060848E /* Frameworks */,
				FBC209AB2481971E0060848E /* Resources */,
			);
			buildRules = (
			);
			dependencies = (
			);
			name = GlobalLogic;
			productName = GlobalLogic;
			productReference = FBC209AD2481971F0060848E /* GlobalLogic.app */;
			productType = "com.apple.product-type.application";
		};
		FBC209C2248197240060848E /* GlobalLogicTests */ = {
			isa = PBXNativeTarget;
			buildConfigurationList = FBC209CF248197240060848E /* Build configuration list for PBXNativeTarget "GlobalLogicTests" */;
			buildPhases = (
				FBC209BF248197240060848E /* Sources */,
				FBC209C0248197240060848E /* Frameworks */,
				FBC209C1248197240060848E /* Resources */,
			);
			buildRules = (
			);
			dependencies = (
				FBC209C5248197240060848E /* PBXTargetDependency */,
			);
			name = GlobalLogicTests;
			productName = GlobalLogicTests;
			productReference = FBC209C3248197240060848E /* GlobalLogicTests.xctest */;
			productType = "com.apple.product-type.bundle.unit-test";
		};
/* End PBXNativeTarget section */

/* Begin PBXProject section */
		FBC209A52481971E0060848E /* Project object */ = {
			isa = PBXProject;
			attributes = {
				LastSwiftUpdateCheck = 1140;
				LastUpgradeCheck = 1140;
				ORGANIZATIONNAME = dansTeam;
				TargetAttributes = {
					FBC209AC2481971E0060848E = {
						CreatedOnToolsVersion = 11.4.1;
					};
					FBC209C2248197240060848E = {
						CreatedOnToolsVersion = 11.4.1;
						LastSwiftMigration = 1140;
						TestTargetID = FBC209AC2481971E0060848E;
					};
				};
			};
			buildConfigurationList = FBC209A82481971E0060848E /* Build configuration list for PBXProject "GlobalLogic" */;
			compatibilityVersion = "Xcode 9.3";
			developmentRegion = en;
			hasScannedForEncodings = 0;
			knownRegions = (
				en,
				Base,
			);
			mainGroup = FBC209A42481971E0060848E;
			productRefGroup = FBC209AE2481971F0060848E /* Products */;
			projectDirPath = "";
			projectRoot = "";
			targets = (
				FBC209AC2481971E0060848E /* GlobalLogic */,
				FBC209C2248197240060848E /* GlobalLogicTests */,
			);
		};
/* End PBXProject section */

/* Begin PBXResourcesBuildPhase section */
		FBC209AB2481971E0060848E /* Resources */ = {
			isa = PBXResourcesBuildPhase;
			buildActionMask = 2147483647;
			files = (
				FBC209BD248197240060848E /* LaunchScreen.storyboard in Resources */,
				FBC209BA248197240060848E /* Assets.xcassets in Resources */,
				FBC209B82481971F0060848E /* Main.storyboard in Resources */,
			);
			runOnlyForDeploymentPostprocessing = 0;
		};
		FBC209C1248197240060848E /* Resources */ = {
			isa = PBXResourcesBuildPhase;
			buildActionMask = 2147483647;
			files = (
			);
			runOnlyForDeploymentPostprocessing = 0;
		};
/* End PBXResourcesBuildPhase section */

/* Begin PBXSourcesBuildPhase section */
		FBC209A92481971E0060848E /* Sources */ = {
			isa = PBXSourcesBuildPhase;
			buildActionMask = 2147483647;
			files = (
				FBDA438C248FD1050093BCE7 /* NavigationDetailFlowSelection+PropertyObserver.swift in Sources */,
				FBC209D62481A53B0060848E /* Item.swift in Sources */,
				FB0793C12491764A00E1E042 /* ItemserviceProtocol.swift in Sources */,
				FBC209F1248578280060848E /* ItemDataSource.swift in Sources */,
				FB07939E2491442700E1E042 /* ImageFetcher+Extension.swift in Sources */,
				FB0793BE2491762300E1E042 /* UrlFetcher+Extension.swift in Sources */,
				FBC209B12481971F0060848E /* AppDelegate.swift in Sources */,
				FB0793EF24917F0E00E1E042 /* UrlFetcher.swift in Sources */,
				FB079391249142D300E1E042 /* GetSelectableObjectProtocol.swift in Sources */,
				FB0793B5249169EF00E1E042 /* ObserverMediator.swift in Sources */,
				FB0793AC2491697500E1E042 /* PropertyObserverProtocol.swift in Sources */,
				FBC209F92485B9D50060848E /* DownSampler.swift in Sources */,
				FB0793A5249168CE00E1E042 /* ItemProtocol.swift in Sources */,
				FB0793B3249169D700E1E042 /* ObserverMediatorProtocol.swift in Sources */,
				FB808727248EFF3F0098092A /* GoToDetail.swift in Sources */,
				FB079388249141F000E1E042 /* SelectableProtocol.swift in Sources */,
				FB0793D72491788300E1E042 /* DataTaskCreatorProtocol.swift in Sources */,
				FBC209E5248446D10060848E /* ListTableViewController.swift in Sources */,
				FB07939C2491440F00E1E042 /* ImageFetcher.swift in Sources */,
				FB0793D32491783600E1E042 /* JsonParser.swift in Sources */,
				FB0793D52491785D00E1E042 /* WebServiceErrors.swift in Sources */,
				FB079385249141AB00E1E042 /* GoToItemProtocol.swift in Sources */,
				FB0793AE2491698F00E1E042 /* ObserverCollection.swift in Sources */,
				FB0793AA2491692D00E1E042 /* ItemManagerKeys.swift in Sources */,
				FB0793BA249175D400E1E042 /* URLFetcherProtocol.swift in Sources */,
				FB0793C32491767300E1E042 /* APIProtocolError.swift in Sources */,
				FB95EFAE2488712D00ACDB24 /* ImageService.swift in Sources */,
				FB0793D12491781900E1E042 /* ParserProtocol.swift in Sources */,
				FB0793EB24917EA300E1E042 /* ItemDataSourceProtocol.swift in Sources */,
				FB0793A3249168AC00E1E042 /* ItemErrors.swift in Sources */,
				FBC209E82484527A0060848E /* ItemCell.swift in Sources */,
				FB07938B2491422900E1E042 /* NavigationsToItem.swift in Sources */,
				FB0793ED24917EDC00E1E042 /* ItemListFetcherProtocol.swift in Sources */,
				FBC209E02482BBDC0060848E /* APIClient.swift in Sources */,
				FBDA4389248FD0710093BCE7 /* NavigationDetailFlowSelection.swift in Sources */,
				FB0793E724917A6F00E1E042 /* DetailVCProtocol.swift in Sources */,
				FBC209F5248585740060848E /* ItemFetcher.swift in Sources */,
				FBA083AF2487FC450032788B /* ItemManager.swift in Sources */,
				FB0793F124917F9C00E1E042 /* ListTableViewController+ItemFetcherDelegate.swift in Sources */,
				FB0793E4249179C900E1E042 /* ItemListHolderProtocol.swift in Sources */,
				FBC209B32481971F0060848E /* SceneDelegate.swift in Sources */,
				FB0793D9249178A100E1E042 /* URLSession+DataTaskCreatorProtocol.swift in Sources */,
				FBA083BB248849520032788B /* DetailViewController.swift in Sources */,
				FB0793C72491772700E1E042 /* ItemFetcherDelegateProtocol.swift in Sources */,
				FB0793C92491773700E1E042 /* ItemFetcherError.swift in Sources */,
			);
			runOnlyForDeploymentPostprocessing = 0;
		};
		FBC209BF248197240060848E /* Sources */ = {
			isa = PBXSourcesBuildPhase;
			buildActionMask = 2147483647;
			files = (
				FBC209F7248585800060848E /* ItemFetcherTests.swift in Sources */,
				FBC209D32481A4AE0060848E /* ItemTests.swift in Sources */,
				FBC209EE2485688E0060848E /* ItemDataSourceTests.swift in Sources */,
				FBC209D82481B6AF0060848E /* APIClientTests.swift in Sources */,
				FBA083B624883F560032788B /* RouterTests.swift in Sources */,
				FBC209E22484457E0060848E /* ListTableViewControllerTests.swift in Sources */,
				FBA083BE248851A80032788B /* DetailViewControllerTests.swift in Sources */,
			);
			runOnlyForDeploymentPostprocessing = 0;
		};
/* End PBXSourcesBuildPhase section */

/* Begin PBXTargetDependency section */
		FBC209C5248197240060848E /* PBXTargetDependency */ = {
			isa = PBXTargetDependency;
			target = FBC209AC2481971E0060848E /* GlobalLogic */;
			targetProxy = FBC209C4248197240060848E /* PBXContainerItemProxy */;
		};
/* End PBXTargetDependency section */

/* Begin PBXVariantGroup section */
		FBC209B62481971F0060848E /* Main.storyboard */ = {
			isa = PBXVariantGroup;
			children = (
				FBC209B72481971F0060848E /* Base */,
			);
			name = Main.storyboard;
			sourceTree = "<group>";
		};
		FBC209BB248197240060848E /* LaunchScreen.storyboard */ = {
			isa = PBXVariantGroup;
			children = (
				FBC209BC248197240060848E /* Base */,
			);
			name = LaunchScreen.storyboard;
			sourceTree = "<group>";
		};
/* End PBXVariantGroup section */

/* Begin XCBuildConfiguration section */
		FBC209CA248197240060848E /* Debug */ = {
			isa = XCBuildConfiguration;
			buildSettings = {
				ALWAYS_SEARCH_USER_PATHS = NO;
				CLANG_ANALYZER_NONNULL = YES;
				CLANG_ANALYZER_NUMBER_OBJECT_CONVERSION = YES_AGGRESSIVE;
				CLANG_CXX_LANGUAGE_STANDARD = "gnu++14";
				CLANG_CXX_LIBRARY = "libc++";
				CLANG_ENABLE_MODULES = YES;
				CLANG_ENABLE_OBJC_ARC = YES;
				CLANG_ENABLE_OBJC_WEAK = YES;
				CLANG_WARN_BLOCK_CAPTURE_AUTORELEASING = YES;
				CLANG_WARN_BOOL_CONVERSION = YES;
				CLANG_WARN_COMMA = YES;
				CLANG_WARN_CONSTANT_CONVERSION = YES;
				CLANG_WARN_DEPRECATED_OBJC_IMPLEMENTATIONS = YES;
				CLANG_WARN_DIRECT_OBJC_ISA_USAGE = YES_ERROR;
				CLANG_WARN_DOCUMENTATION_COMMENTS = YES;
				CLANG_WARN_EMPTY_BODY = YES;
				CLANG_WARN_ENUM_CONVERSION = YES;
				CLANG_WARN_INFINITE_RECURSION = YES;
				CLANG_WARN_INT_CONVERSION = YES;
				CLANG_WARN_NON_LITERAL_NULL_CONVERSION = YES;
				CLANG_WARN_OBJC_IMPLICIT_RETAIN_SELF = YES;
				CLANG_WARN_OBJC_LITERAL_CONVERSION = YES;
				CLANG_WARN_OBJC_ROOT_CLASS = YES_ERROR;
				CLANG_WARN_RANGE_LOOP_ANALYSIS = YES;
				CLANG_WARN_STRICT_PROTOTYPES = YES;
				CLANG_WARN_SUSPICIOUS_MOVE = YES;
				CLANG_WARN_UNGUARDED_AVAILABILITY = YES_AGGRESSIVE;
				CLANG_WARN_UNREACHABLE_CODE = YES;
				CLANG_WARN__DUPLICATE_METHOD_MATCH = YES;
				COPY_PHASE_STRIP = NO;
				DEBUG_INFORMATION_FORMAT = dwarf;
				ENABLE_STRICT_OBJC_MSGSEND = YES;
				ENABLE_TESTABILITY = YES;
				GCC_C_LANGUAGE_STANDARD = gnu11;
				GCC_DYNAMIC_NO_PIC = NO;
				GCC_NO_COMMON_BLOCKS = YES;
				GCC_OPTIMIZATION_LEVEL = 0;
				GCC_PREPROCESSOR_DEFINITIONS = (
					"DEBUG=1",
					"$(inherited)",
				);
				GCC_WARN_64_TO_32_BIT_CONVERSION = YES;
				GCC_WARN_ABOUT_RETURN_TYPE = YES_ERROR;
				GCC_WARN_UNDECLARED_SELECTOR = YES;
				GCC_WARN_UNINITIALIZED_AUTOS = YES_AGGRESSIVE;
				GCC_WARN_UNUSED_FUNCTION = YES;
				GCC_WARN_UNUSED_VARIABLE = YES;
				IPHONEOS_DEPLOYMENT_TARGET = 13.4;
				MTL_ENABLE_DEBUG_INFO = INCLUDE_SOURCE;
				MTL_FAST_MATH = YES;
				ONLY_ACTIVE_ARCH = YES;
				SDKROOT = iphoneos;
				SWIFT_ACTIVE_COMPILATION_CONDITIONS = DEBUG;
				SWIFT_OPTIMIZATION_LEVEL = "-Onone";
			};
			name = Debug;
		};
		FBC209CB248197240060848E /* Release */ = {
			isa = XCBuildConfiguration;
			buildSettings = {
				ALWAYS_SEARCH_USER_PATHS = NO;
				CLANG_ANALYZER_NONNULL = YES;
				CLANG_ANALYZER_NUMBER_OBJECT_CONVERSION = YES_AGGRESSIVE;
				CLANG_CXX_LANGUAGE_STANDARD = "gnu++14";
				CLANG_CXX_LIBRARY = "libc++";
				CLANG_ENABLE_MODULES = YES;
				CLANG_ENABLE_OBJC_ARC = YES;
				CLANG_ENABLE_OBJC_WEAK = YES;
				CLANG_WARN_BLOCK_CAPTURE_AUTORELEASING = YES;
				CLANG_WARN_BOOL_CONVERSION = YES;
				CLANG_WARN_COMMA = YES;
				CLANG_WARN_CONSTANT_CONVERSION = YES;
				CLANG_WARN_DEPRECATED_OBJC_IMPLEMENTATIONS = YES;
				CLANG_WARN_DIRECT_OBJC_ISA_USAGE = YES_ERROR;
				CLANG_WARN_DOCUMENTATION_COMMENTS = YES;
				CLANG_WARN_EMPTY_BODY = YES;
				CLANG_WARN_ENUM_CONVERSION = YES;
				CLANG_WARN_INFINITE_RECURSION = YES;
				CLANG_WARN_INT_CONVERSION = YES;
				CLANG_WARN_NON_LITERAL_NULL_CONVERSION = YES;
				CLANG_WARN_OBJC_IMPLICIT_RETAIN_SELF = YES;
				CLANG_WARN_OBJC_LITERAL_CONVERSION = YES;
				CLANG_WARN_OBJC_ROOT_CLASS = YES_ERROR;
				CLANG_WARN_RANGE_LOOP_ANALYSIS = YES;
				CLANG_WARN_STRICT_PROTOTYPES = YES;
				CLANG_WARN_SUSPICIOUS_MOVE = YES;
				CLANG_WARN_UNGUARDED_AVAILABILITY = YES_AGGRESSIVE;
				CLANG_WARN_UNREACHABLE_CODE = YES;
				CLANG_WARN__DUPLICATE_METHOD_MATCH = YES;
				COPY_PHASE_STRIP = NO;
				DEBUG_INFORMATION_FORMAT = "dwarf-with-dsym";
				ENABLE_NS_ASSERTIONS = NO;
				ENABLE_STRICT_OBJC_MSGSEND = YES;
				GCC_C_LANGUAGE_STANDARD = gnu11;
				GCC_NO_COMMON_BLOCKS = YES;
				GCC_WARN_64_TO_32_BIT_CONVERSION = YES;
				GCC_WARN_ABOUT_RETURN_TYPE = YES_ERROR;
				GCC_WARN_UNDECLARED_SELECTOR = YES;
				GCC_WARN_UNINITIALIZED_AUTOS = YES_AGGRESSIVE;
				GCC_WARN_UNUSED_FUNCTION = YES;
				GCC_WARN_UNUSED_VARIABLE = YES;
				IPHONEOS_DEPLOYMENT_TARGET = 13.4;
				MTL_ENABLE_DEBUG_INFO = NO;
				MTL_FAST_MATH = YES;
				SDKROOT = iphoneos;
				SWIFT_COMPILATION_MODE = wholemodule;
				SWIFT_OPTIMIZATION_LEVEL = "-O";
				VALIDATE_PRODUCT = YES;
			};
			name = Release;
		};
		FBC209CD248197240060848E /* Debug */ = {
			isa = XCBuildConfiguration;
			buildSettings = {
				ASSETCATALOG_COMPILER_APPICON_NAME = AppIcon;
				CODE_SIGN_STYLE = Automatic;
				DEVELOPMENT_TEAM = AEWQUX8MPM;
				INFOPLIST_FILE = GlobalLogic/Info.plist;
				LD_RUNPATH_SEARCH_PATHS = (
					"$(inherited)",
					"@executable_path/Frameworks",
				);
				PRODUCT_BUNDLE_IDENTIFIER = com.dansTeam.GlobalLogic;
				PRODUCT_NAME = "$(TARGET_NAME)";
				SWIFT_VERSION = 5.0;
				TARGETED_DEVICE_FAMILY = "1,2";
			};
			name = Debug;
		};
		FBC209CE248197240060848E /* Release */ = {
			isa = XCBuildConfiguration;
			buildSettings = {
				ASSETCATALOG_COMPILER_APPICON_NAME = AppIcon;
				CODE_SIGN_STYLE = Automatic;
				DEVELOPMENT_TEAM = AEWQUX8MPM;
				INFOPLIST_FILE = GlobalLogic/Info.plist;
				LD_RUNPATH_SEARCH_PATHS = (
					"$(inherited)",
					"@executable_path/Frameworks",
				);
				PRODUCT_BUNDLE_IDENTIFIER = com.dansTeam.GlobalLogic;
				PRODUCT_NAME = "$(TARGET_NAME)";
				SWIFT_VERSION = 5.0;
				TARGETED_DEVICE_FAMILY = "1,2";
			};
			name = Release;
		};
		FBC209D0248197240060848E /* Debug */ = {
			isa = XCBuildConfiguration;
			buildSettings = {
				ALWAYS_EMBED_SWIFT_STANDARD_LIBRARIES = YES;
				BUNDLE_LOADER = "$(TEST_HOST)";
				CLANG_ENABLE_MODULES = YES;
				CODE_SIGN_STYLE = Automatic;
				DEVELOPMENT_TEAM = AEWQUX8MPM;
				INFOPLIST_FILE = GlobalLogicTests/Info.plist;
				IPHONEOS_DEPLOYMENT_TARGET = 13.4;
				LD_RUNPATH_SEARCH_PATHS = (
					"$(inherited)",
					"@executable_path/Frameworks",
					"@loader_path/Frameworks",
				);
				PRODUCT_BUNDLE_IDENTIFIER = com.dansTeam.GlobalLogicTests;
				PRODUCT_NAME = "$(TARGET_NAME)";
				SWIFT_OPTIMIZATION_LEVEL = "-Onone";
				SWIFT_VERSION = 5.0;
				TARGETED_DEVICE_FAMILY = "1,2";
				TEST_HOST = "$(BUILT_PRODUCTS_DIR)/GlobalLogic.app/GlobalLogic";
			};
			name = Debug;
		};
		FBC209D1248197240060848E /* Release */ = {
			isa = XCBuildConfiguration;
			buildSettings = {
				ALWAYS_EMBED_SWIFT_STANDARD_LIBRARIES = YES;
				BUNDLE_LOADER = "$(TEST_HOST)";
				CLANG_ENABLE_MODULES = YES;
				CODE_SIGN_STYLE = Automatic;
				DEVELOPMENT_TEAM = AEWQUX8MPM;
				INFOPLIST_FILE = GlobalLogicTests/Info.plist;
				IPHONEOS_DEPLOYMENT_TARGET = 13.4;
				LD_RUNPATH_SEARCH_PATHS = (
					"$(inherited)",
					"@executable_path/Frameworks",
					"@loader_path/Frameworks",
				);
				PRODUCT_BUNDLE_IDENTIFIER = com.dansTeam.GlobalLogicTests;
				PRODUCT_NAME = "$(TARGET_NAME)";
				SWIFT_VERSION = 5.0;
				TARGETED_DEVICE_FAMILY = "1,2";
				TEST_HOST = "$(BUILT_PRODUCTS_DIR)/GlobalLogic.app/GlobalLogic";
			};
			name = Release;
		};
/* End XCBuildConfiguration section */

/* Begin XCConfigurationList section */
		FBC209A82481971E0060848E /* Build configuration list for PBXProject "GlobalLogic" */ = {
			isa = XCConfigurationList;
			buildConfigurations = (
				FBC209CA248197240060848E /* Debug */,
				FBC209CB248197240060848E /* Release */,
			);
			defaultConfigurationIsVisible = 0;
			defaultConfigurationName = Release;
		};
		FBC209CC248197240060848E /* Build configuration list for PBXNativeTarget "GlobalLogic" */ = {
			isa = XCConfigurationList;
			buildConfigurations = (
				FBC209CD248197240060848E /* Debug */,
				FBC209CE248197240060848E /* Release */,
			);
			defaultConfigurationIsVisible = 0;
			defaultConfigurationName = Release;
		};
		FBC209CF248197240060848E /* Build configuration list for PBXNativeTarget "GlobalLogicTests" */ = {
			isa = XCConfigurationList;
			buildConfigurations = (
				FBC209D0248197240060848E /* Debug */,
				FBC209D1248197240060848E /* Release */,
			);
			defaultConfigurationIsVisible = 0;
			defaultConfigurationName = Release;
		};
/* End XCConfigurationList section */
	};
	rootObject = FBC209A52481971E0060848E /* Project object */;
}
