// !$*UTF8*$!
{
	archiveVersion = 1;
	classes = {
	};
	objectVersion = 50;
	objects = {

/* Begin PBXBuildFile section */
		FBC209B12481971F0060848E /* AppDelegate.swift in Sources */ = {isa = PBXBuildFile; fileRef = FBC209B02481971F0060848E /* AppDelegate.swift */; };
		FBC209B32481971F0060848E /* SceneDelegate.swift in Sources */ = {isa = PBXBuildFile; fileRef = FBC209B22481971F0060848E /* SceneDelegate.swift */; };
		FBC209B52481971F0060848E /* ViewController.swift in Sources */ = {isa = PBXBuildFile; fileRef = FBC209B42481971F0060848E /* ViewController.swift */; };
		FBC209B82481971F0060848E /* Main.storyboard in Resources */ = {isa = PBXBuildFile; fileRef = FBC209B62481971F0060848E /* Main.storyboard */; };
		FBC209BA248197240060848E /* Assets.xcassets in Resources */ = {isa = PBXBuildFile; fileRef = FBC209B9248197240060848E /* Assets.xcassets */; };
		FBC209BD248197240060848E /* LaunchScreen.storyboard in Resources */ = {isa = PBXBuildFile; fileRef = FBC209BB248197240060848E /* LaunchScreen.storyboard */; };
		FBC209C8248197240060848E /* GlobalLogicTests.swift in Sources */ = {isa = PBXBuildFile; fileRef = FBC209C7248197240060848E /* GlobalLogicTests.swift */; };
/* End PBXBuildFile section */

/* Begin PBXContainerItemProxy section */
		FBC209C4248197240060848E /* PBXContainerItemProxy */ = {
			isa = PBXContainerItemProxy;
			containerPortal = FBC209A52481971E0060848E /* Project object */;
			proxyType = 1;
			remoteGlobalIDString = FBC209AC2481971E0060848E;
			remoteInfo = GlobalLogic;
		};
/* End PBXContainerItemProxy section */

/* Begin PBXFileReference section */
		FBC209AD2481971F0060848E /* GlobalLogic.app */ = {isa = PBXFileReference; explicitFileType = wrapper.application; includeInIndex = 0; path = GlobalLogic.app; sourceTree = BUILT_PRODUCTS_DIR; };
		FBC209B02481971F0060848E /* AppDelegate.swift */ = {isa = PBXFileReference; lastKnownFileType = sourcecode.swift; path = AppDelegate.swift; sourceTree = "<group>"; };
		FBC209B22481971F0060848E /* SceneDelegate.swift */ = {isa = PBXFileReference; lastKnownFileType = sourcecode.swift; path = SceneDelegate.swift; sourceTree = "<group>"; };
		FBC209B42481971F0060848E /* ViewController.swift */ = {isa = PBXFileReference; lastKnownFileType = sourcecode.swift; path = ViewController.swift; sourceTree = "<group>"; };
		FBC209B72481971F0060848E /* Base */ = {isa = PBXFileReference; lastKnownFileType = file.storyboard; name = Base; path = Base.lproj/Main.storyboard; sourceTree = "<group>"; };
		FBC209B9248197240060848E /* Assets.xcassets */ = {isa = PBXFileReference; lastKnownFileType = folder.assetcatalog; path = Assets.xcassets; sourceTree = "<group>"; };
		FBC209BC248197240060848E /* Base */ = {isa = PBXFileReference; lastKnownFileType = file.storyboard; name = Base; path = Base.lproj/LaunchScreen.storyboard; sourceTree = "<group>"; };
		FBC209BE248197240060848E /* Info.plist */ = {isa = PBXFileReference; lastKnownFileType = text.plist.xml; path = Info.plist; sourceTree = "<group>"; };
		FBC209C3248197240060848E /* GlobalLogicTests.xctest */ = {isa = PBXFileReference; explicitFileType = wrapper.cfbundle; includeInIndex = 0; path = GlobalLogicTests.xctest; sourceTree = BUILT_PRODUCTS_DIR; };
		FBC209C7248197240060848E /* GlobalLogicTests.swift */ = {isa = PBXFileReference; lastKnownFileType = sourcecode.swift; path = GlobalLogicTests.swift; sourceTree = "<group>"; };
		FBC209C9248197240060848E /* Info.plist */ = {isa = PBXFileReference; lastKnownFileType = text.plist.xml; path = Info.plist; sourceTree = "<group>"; };
/* End PBXFileReference section */

/* Begin PBXFrameworksBuildPhase section */
		FBC209AA2481971E0060848E /* Frameworks */ = {
			isa = PBXFrameworksBuildPhase;
			buildActionMask = 2147483647;
			files = (
			);
			runOnlyForDeploymentPostprocessing = 0;
		};
		FBC209C0248197240060848E /* Frameworks */ = {
			isa = PBXFrameworksBuildPhase;
			buildActionMask = 2147483647;
			files = (
			);
			runOnlyForDeploymentPostprocessing = 0;
		};
/* End PBXFrameworksBuildPhase section */

/* Begin PBXGroup section */
		FBC209A42481971E0060848E = {
			isa = PBXGroup;
			children = (
				FBC209AF2481971F0060848E /* GlobalLogic */,
				FBC209C6248197240060848E /* GlobalLogicTests */,
				FBC209AE2481971F0060848E /* Products */,
			);
			sourceTree = "<group>";
		};
		FBC209AE2481971F0060848E /* Products */ = {
			isa = PBXGroup;
			children = (
				FBC209AD2481971F0060848E /* GlobalLogic.app */,
				FBC209C3248197240060848E /* GlobalLogicTests.xctest */,
			);
			name = Products;
			sourceTree = "<group>";
		};
		FBC209AF2481971F0060848E /* GlobalLogic */ = {
			isa = PBXGroup;
			children = (
				FBC209B02481971F0060848E /* AppDelegate.swift */,
				FBC209B22481971F0060848E /* SceneDelegate.swift */,
				FBC209B42481971F0060848E /* ViewController.swift */,
				FBC209B62481971F0060848E /* Main.storyboard */,
				FBC209B9248197240060848E /* Assets.xcassets */,
				FBC209BB248197240060848E /* LaunchScreen.storyboard */,
				FBC209BE248197240060848E /* Info.plist */,
			);
			path = GlobalLogic;
			sourceTree = "<group>";
		};
		FBC209C6248197240060848E /* GlobalLogicTests */ = {
			isa = PBXGroup;
			children = (
				FBC209C7248197240060848E /* GlobalLogicTests.swift */,
				FBC209C9248197240060848E /* Info.plist */,
			);
			path = GlobalLogicTests;
			sourceTree = "<group>";
		};
/* End PBXGroup section */

/* Begin PBXNativeTarget section */
		FBC209AC2481971E0060848E /* GlobalLogic */ = {
			isa = PBXNativeTarget;
			buildConfigurationList = FBC209CC248197240060848E /* Build configuration list for PBXNativeTarget "GlobalLogic" */;
			buildPhases = (
				FBC209A92481971E0060848E /* Sources */,
				FBC209AA2481971E0060848E /* Frameworks */,
				FBC209AB2481971E0060848E /* Resources */,
			);
			buildRules = (
			);
			dependencies = (
			);
			name = GlobalLogic;
			productName = GlobalLogic;
			productReference = FBC209AD2481971F0060848E /* GlobalLogic.app */;
			productType = "com.apple.product-type.application";
		};
		FBC209C2248197240060848E /* GlobalLogicTests */ = {
			isa = PBXNativeTarget;
			buildConfigurationList = FBC209CF248197240060848E /* Build configuration list for PBXNativeTarget "GlobalLogicTests" */;
			buildPhases = (
				FBC209BF248197240060848E /* Sources */,
				FBC209C0248197240060848E /* Frameworks */,
				FBC209C1248197240060848E /* Resources */,
			);
			buildRules = (
			);
			dependencies = (
				FBC209C5248197240060848E /* PBXTargetDependency */,
			);
			name = GlobalLogicTests;
			productName = GlobalLogicTests;
			productReference = FBC209C3248197240060848E /* GlobalLogicTests.xctest */;
			productType = "com.apple.product-type.bundle.unit-test";
		};
/* End PBXNativeTarget section */

/* Begin PBXProject section */
		FBC209A52481971E0060848E /* Project object */ = {
			isa = PBXProject;
			attributes = {
				LastSwiftUpdateCheck = 1140;
				LastUpgradeCheck = 1140;
				ORGANIZATIONNAME = dansTeam;
				TargetAttributes = {
					FBC209AC2481971E0060848E = {
						CreatedOnToolsVersion = 11.4.1;
					};
					FBC209C2248197240060848E = {
						CreatedOnToolsVersion = 11.4.1;
						TestTargetID = FBC209AC2481971E0060848E;
					};
				};
			};
			buildConfigurationList = FBC209A82481971E0060848E /* Build configuration list for PBXProject "GlobalLogic" */;
			compatibilityVersion = "Xcode 9.3";
			developmentRegion = en;
			hasScannedForEncodings = 0;
			knownRegions = (
				en,
				Base,
			);
			mainGroup = FBC209A42481971E0060848E;
			productRefGroup = FBC209AE2481971F0060848E /* Products */;
			projectDirPath = "";
			projectRoot = "";
			targets = (
				FBC209AC2481971E0060848E /* GlobalLogic */,
				FBC209C2248197240060848E /* GlobalLogicTests */,
			);
		};
/* End PBXProject section */

/* Begin PBXResourcesBuildPhase section */
		FBC209AB2481971E0060848E /* Resources */ = {
			isa = PBXResourcesBuildPhase;
			buildActionMask = 2147483647;
			files = (
				FBC209BD248197240060848E /* LaunchScreen.storyboard in Resources */,
				FBC209BA248197240060848E /* Assets.xcassets in Resources */,
				FBC209B82481971F0060848E /* Main.storyboard in Resources */,
			);
			runOnlyForDeploymentPostprocessing = 0;
		};
		FBC209C1248197240060848E /* Resources */ = {
			isa = PBXResourcesBuildPhase;
			buildActionMask = 2147483647;
			files = (
			);
			runOnlyForDeploymentPostprocessing = 0;
		};
/* End PBXResourcesBuildPhase section */

/* Begin PBXSourcesBuildPhase section */
		FBC209A92481971E0060848E /* Sources */ = {
			isa = PBXSourcesBuildPhase;
			buildActionMask = 2147483647;
			files = (
				FBC209B52481971F0060848E /* ViewController.swift in Sources */,
				FBC209B12481971F0060848E /* AppDelegate.swift in Sources */,
				FBC209B32481971F0060848E /* SceneDelegate.swift in Sources */,
			);
			runOnlyForDeploymentPostprocessing = 0;
		};
		FBC209BF248197240060848E /* Sources */ = {
			isa = PBXSourcesBuildPhase;
			buildActionMask = 2147483647;
			files = (
				FBC209C8248197240060848E /* GlobalLogicTests.swift in Sources */,
			);
			runOnlyForDeploymentPostprocessing = 0;
		};
/* End PBXSourcesBuildPhase section */

/* Begin PBXTargetDependency section */
		FBC209C5248197240060848E /* PBXTargetDependency */ = {
			isa = PBXTargetDependency;
			target = FBC209AC2481971E0060848E /* GlobalLogic */;
			targetProxy = FBC209C4248197240060848E /* PBXContainerItemProxy */;
		};
/* End PBXTargetDependency section */

/* Begin PBXVariantGroup section */
		FBC209B62481971F0060848E /* Main.storyboard */ = {
			isa = PBXVariantGroup;
			children = (
				FBC209B72481971F0060848E /* Base */,
			);
			name = Main.storyboard;
			sourceTree = "<group>";
		};
		FBC209BB248197240060848E /* LaunchScreen.storyboard */ = {
			isa = PBXVariantGroup;
			children = (
				FBC209BC248197240060848E /* Base */,
			);
			name = LaunchScreen.storyboard;
			sourceTree = "<group>";
		};
/* End PBXVariantGroup section */

/* Begin XCBuildConfiguration section */
		FBC209CA248197240060848E /* Debug */ = {
			isa = XCBuildConfiguration;
			buildSettings = {
				ALWAYS_SEARCH_USER_PATHS = NO;
				CLANG_ANALYZER_NONNULL = YES;
				CLANG_ANALYZER_NUMBER_OBJECT_CONVERSION = YES_AGGRESSIVE;
				CLANG_CXX_LANGUAGE_STANDARD = "gnu++14";
				CLANG_CXX_LIBRARY = "libc++";
				CLANG_ENABLE_MODULES = YES;
				CLANG_ENABLE_OBJC_ARC = YES;
				CLANG_ENABLE_OBJC_WEAK = YES;
				CLANG_WARN_BLOCK_CAPTURE_AUTORELEASING = YES;
				CLANG_WARN_BOOL_CONVERSION = YES;
				CLANG_WARN_COMMA = YES;
				CLANG_WARN_CONSTANT_CONVERSION = YES;
				CLANG_WARN_DEPRECATED_OBJC_IMPLEMENTATIONS = YES;
				CLANG_WARN_DIRECT_OBJC_ISA_USAGE = YES_ERROR;
				CLANG_WARN_DOCUMENTATION_COMMENTS = YES;
				CLANG_WARN_EMPTY_BODY = YES;
				CLANG_WARN_ENUM_CONVERSION = YES;
				CLANG_WARN_INFINITE_RECURSION = YES;
				CLANG_WARN_INT_CONVERSION = YES;
				CLANG_WARN_NON_LITERAL_NULL_CONVERSION = YES;
				CLANG_WARN_OBJC_IMPLICIT_RETAIN_SELF = YES;
				CLANG_WARN_OBJC_LITERAL_CONVERSION = YES;
				CLANG_WARN_OBJC_ROOT_CLASS = YES_ERROR;
				CLANG_WARN_RANGE_LOOP_ANALYSIS = YES;
				CLANG_WARN_STRICT_PROTOTYPES = YES;
				CLANG_WARN_SUSPICIOUS_MOVE = YES;
				CLANG_WARN_UNGUARDED_AVAILABILITY = YES_AGGRESSIVE;
				CLANG_WARN_UNREACHABLE_CODE = YES;
				CLANG_WARN__DUPLICATE_METHOD_MATCH = YES;
				COPY_PHASE_STRIP = NO;
				DEBUG_INFORMATION_FORMAT = dwarf;
				ENABLE_STRICT_OBJC_MSGSEND = YES;
				ENABLE_TESTABILITY = YES;
				GCC_C_LANGUAGE_STANDARD = gnu11;
				GCC_DYNAMIC_NO_PIC = NO;
				GCC_NO_COMMON_BLOCKS = YES;
				GCC_OPTIMIZATION_LEVEL = 0;
				GCC_PREPROCESSOR_DEFINITIONS = (
					"DEBUG=1",
					"$(inherited)",
				);
				GCC_WARN_64_TO_32_BIT_CONVERSION = YES;
				GCC_WARN_ABOUT_RETURN_TYPE = YES_ERROR;
				GCC_WARN_UNDECLARED_SELECTOR = YES;
				GCC_WARN_UNINITIALIZED_AUTOS = YES_AGGRESSIVE;
				GCC_WARN_UNUSED_FUNCTION = YES;
				GCC_WARN_UNUSED_VARIABLE = YES;
				IPHONEOS_DEPLOYMENT_TARGET = 13.4;
				MTL_ENABLE_DEBUG_INFO = INCLUDE_SOURCE;
				MTL_FAST_MATH = YES;
				ONLY_ACTIVE_ARCH = YES;
				SDKROOT = iphoneos;
				SWIFT_ACTIVE_COMPILATION_CONDITIONS = DEBUG;
				SWIFT_OPTIMIZATION_LEVEL = "-Onone";
			};
			name = Debug;
		};
		FBC209CB248197240060848E /* Release */ = {
			isa = XCBuildConfiguration;
			buildSettings = {
				ALWAYS_SEARCH_USER_PATHS = NO;
				CLANG_ANALYZER_NONNULL = YES;
				CLANG_ANALYZER_NUMBER_OBJECT_CONVERSION = YES_AGGRESSIVE;
				CLANG_CXX_LANGUAGE_STANDARD = "gnu++14";
				CLANG_CXX_LIBRARY = "libc++";
				CLANG_ENABLE_MODULES = YES;
				CLANG_ENABLE_OBJC_ARC = YES;
				CLANG_ENABLE_OBJC_WEAK = YES;
				CLANG_WARN_BLOCK_CAPTURE_AUTORELEASING = YES;
				CLANG_WARN_BOOL_CONVERSION = YES;
				CLANG_WARN_COMMA = YES;
				CLANG_WARN_CONSTANT_CONVERSION = YES;
				CLANG_WARN_DEPRECATED_OBJC_IMPLEMENTATIONS = YES;
				CLANG_WARN_DIRECT_OBJC_ISA_USAGE = YES_ERROR;
				CLANG_WARN_DOCUMENTATION_COMMENTS = YES;
				CLANG_WARN_EMPTY_BODY = YES;
				CLANG_WARN_ENUM_CONVERSION = YES;
				CLANG_WARN_INFINITE_RECURSION = YES;
				CLANG_WARN_INT_CONVERSION = YES;
				CLANG_WARN_NON_LITERAL_NULL_CONVERSION = YES;
				CLANG_WARN_OBJC_IMPLICIT_RETAIN_SELF = YES;
				CLANG_WARN_OBJC_LITERAL_CONVERSION = YES;
				CLANG_WARN_OBJC_ROOT_CLASS = YES_ERROR;
				CLANG_WARN_RANGE_LOOP_ANALYSIS = YES;
				CLANG_WARN_STRICT_PROTOTYPES = YES;
				CLANG_WARN_SUSPICIOUS_MOVE = YES;
				CLANG_WARN_UNGUARDED_AVAILABILITY = YES_AGGRESSIVE;
				CLANG_WARN_UNREACHABLE_CODE = YES;
				CLANG_WARN__DUPLICATE_METHOD_MATCH = YES;
				COPY_PHASE_STRIP = NO;
				DEBUG_INFORMATION_FORMAT = "dwarf-with-dsym";
				ENABLE_NS_ASSERTIONS = NO;
				ENABLE_STRICT_OBJC_MSGSEND = YES;
				GCC_C_LANGUAGE_STANDARD = gnu11;
				GCC_NO_COMMON_BLOCKS = YES;
				GCC_WARN_64_TO_32_BIT_CONVERSION = YES;
				GCC_WARN_ABOUT_RETURN_TYPE = YES_ERROR;
				GCC_WARN_UNDECLARED_SELECTOR = YES;
				GCC_WARN_UNINITIALIZED_AUTOS = YES_AGGRESSIVE;
				GCC_WARN_UNUSED_FUNCTION = YES;
				GCC_WARN_UNUSED_VARIABLE = YES;
				IPHONEOS_DEPLOYMENT_TARGET = 13.4;
				MTL_ENABLE_DEBUG_INFO = NO;
				MTL_FAST_MATH = YES;
				SDKROOT = iphoneos;
				SWIFT_COMPILATION_MODE = wholemodule;
				SWIFT_OPTIMIZATION_LEVEL = "-O";
				VALIDATE_PRODUCT = YES;
			};
			name = Release;
		};
		FBC209CD248197240060848E /* Debug */ = {
			isa = XCBuildConfiguration;
			buildSettings = {
				ASSETCATALOG_COMPILER_APPICON_NAME = AppIcon;
				CODE_SIGN_STYLE = Automatic;
				DEVELOPMENT_TEAM = AEWQUX8MPM;
				INFOPLIST_FILE = GlobalLogic/Info.plist;
				LD_RUNPATH_SEARCH_PATHS = (
					"$(inherited)",
					"@executable_path/Frameworks",
				);
				PRODUCT_BUNDLE_IDENTIFIER = com.dansTeam.GlobalLogic;
				PRODUCT_NAME = "$(TARGET_NAME)";
				SWIFT_VERSION = 5.0;
				TARGETED_DEVICE_FAMILY = "1,2";
			};
			name = Debug;
		};
		FBC209CE248197240060848E /* Release */ = {
			isa = XCBuildConfiguration;
			buildSettings = {
				ASSETCATALOG_COMPILER_APPICON_NAME = AppIcon;
				CODE_SIGN_STYLE = Automatic;
				DEVELOPMENT_TEAM = AEWQUX8MPM;
				INFOPLIST_FILE = GlobalLogic/Info.plist;
				LD_RUNPATH_SEARCH_PATHS = (
					"$(inherited)",
					"@executable_path/Frameworks",
				);
				PRODUCT_BUNDLE_IDENTIFIER = com.dansTeam.GlobalLogic;
				PRODUCT_NAME = "$(TARGET_NAME)";
				SWIFT_VERSION = 5.0;
				TARGETED_DEVICE_FAMILY = "1,2";
			};
			name = Release;
		};
		FBC209D0248197240060848E /* Debug */ = {
			isa = XCBuildConfiguration;
			buildSettings = {
				ALWAYS_EMBED_SWIFT_STANDARD_LIBRARIES = YES;
				BUNDLE_LOADER = "$(TEST_HOST)";
				CODE_SIGN_STYLE = Automatic;
				DEVELOPMENT_TEAM = AEWQUX8MPM;
				INFOPLIST_FILE = GlobalLogicTests/Info.plist;
				IPHONEOS_DEPLOYMENT_TARGET = 13.4;
				LD_RUNPATH_SEARCH_PATHS = (
					"$(inherited)",
					"@executable_path/Frameworks",
					"@loader_path/Frameworks",
				);
				PRODUCT_BUNDLE_IDENTIFIER = com.dansTeam.GlobalLogicTests;
				PRODUCT_NAME = "$(TARGET_NAME)";
				SWIFT_VERSION = 5.0;
				TARGETED_DEVICE_FAMILY = "1,2";
				TEST_HOST = "$(BUILT_PRODUCTS_DIR)/GlobalLogic.app/GlobalLogic";
			};
			name = Debug;
		};
		FBC209D1248197240060848E /* Release */ = {
			isa = XCBuildConfiguration;
			buildSettings = {
				ALWAYS_EMBED_SWIFT_STANDARD_LIBRARIES = YES;
				BUNDLE_LOADER = "$(TEST_HOST)";
				CODE_SIGN_STYLE = Automatic;
				DEVELOPMENT_TEAM = AEWQUX8MPM;
				INFOPLIST_FILE = GlobalLogicTests/Info.plist;
				IPHONEOS_DEPLOYMENT_TARGET = 13.4;
				LD_RUNPATH_SEARCH_PATHS = (
					"$(inherited)",
					"@executable_path/Frameworks",
					"@loader_path/Frameworks",
				);
				PRODUCT_BUNDLE_IDENTIFIER = com.dansTeam.GlobalLogicTests;
				PRODUCT_NAME = "$(TARGET_NAME)";
				SWIFT_VERSION = 5.0;
				TARGETED_DEVICE_FAMILY = "1,2";
				TEST_HOST = "$(BUILT_PRODUCTS_DIR)/GlobalLogic.app/GlobalLogic";
			};
			name = Release;
		};
/* End XCBuildConfiguration section */

/* Begin XCConfigurationList section */
		FBC209A82481971E0060848E /* Build configuration list for PBXProject "GlobalLogic" */ = {
			isa = XCConfigurationList;
			buildConfigurations = (
				FBC209CA248197240060848E /* Debug */,
				FBC209CB248197240060848E /* Release */,
			);
			defaultConfigurationIsVisible = 0;
			defaultConfigurationName = Release;
		};
		FBC209CC248197240060848E /* Build configuration list for PBXNativeTarget "GlobalLogic" */ = {
			isa = XCConfigurationList;
			buildConfigurations = (
				FBC209CD248197240060848E /* Debug */,
				FBC209CE248197240060848E /* Release */,
			);
			defaultConfigurationIsVisible = 0;
			defaultConfigurationName = Release;
		};
		FBC209CF248197240060848E /* Build configuration list for PBXNativeTarget "GlobalLogicTests" */ = {
			isa = XCConfigurationList;
			buildConfigurations = (
				FBC209D0248197240060848E /* Debug */,
				FBC209D1248197240060848E /* Release */,
			);
			defaultConfigurationIsVisible = 0;
			defaultConfigurationName = Release;
		};
/* End XCConfigurationList section */
	};
	rootObject = FBC209A52481971E0060848E /* Project object */;
}
